
Microsoft Visual Studio Solution File, Format Version 12.00
# Visual Studio Version 16
VisualStudioVersion = 16.0.31025.194
MinimumVisualStudioVersion = 10.0.40219.1
Project("{9A19103F-16F7-4668-BE54-9A1E7A4F7556}") = "Semester Work", "Semester Work\Semester Work.csproj", "{FC05C625-157F-4F09-9F4A-3143481E0508}"
EndProject
Project("{FAE04EC0-301F-11D3-BF4B-00C04F79EFBC}") = "DAL_carshop", "DAL_carshop\DAL_carshop.csproj", "{118CB9F1-FDFD-4691-91AF-9E089DD98501}"
EndProject
Global
	GlobalSection(SolutionConfigurationPlatforms) = preSolution
		Debug|Any CPU = Debug|Any CPU
		Release|Any CPU = Release|Any CPU
	EndGlobalSection
	GlobalSection(ProjectConfigurationPlatforms) = postSolution
		{FC05C625-157F-4F09-9F4A-3143481E0508}.Debug|Any CPU.ActiveCfg = Debug|Any CPU
		{FC05C625-157F-4F09-9F4A-3143481E0508}.Debug|Any CPU.Build.0 = Debug|Any CPU
		{FC05C625-157F-4F09-9F4A-3143481E0508}.Release|Any CPU.ActiveCfg = Release|Any CPU
		{FC05C625-157F-4F09-9F4A-3143481E0508}.Release|Any CPU.Build.0 = Release|Any CPU
		{118CB9F1-FDFD-4691-91AF-9E089DD98501}.Debug|Any CPU.ActiveCfg = Debug|Any CPU
		{118CB9F1-FDFD-4691-91AF-9E089DD98501}.Debug|Any CPU.Build.0 = Debug|Any CPU
		{118CB9F1-FDFD-4691-91AF-9E089DD98501}.Release|Any CPU.ActiveCfg = Release|Any CPU
		{118CB9F1-FDFD-4691-91AF-9E089DD98501}.Release|Any CPU.Build.0 = Release|Any CPU
	EndGlobalSection
	GlobalSection(SolutionProperties) = preSolution
		HideSolutionNode = FALSE
	EndGlobalSection
	GlobalSection(ExtensibilityGlobals) = postSolution
		SolutionGuid = {0EC4D519-3353-4D7E-AC27-F129C5CF3FEC}
	EndGlobalSection
EndGlobal
